
Microsoft Visual Studio Solution File, Format Version 12.00
# Visual Studio 14
VisualStudioVersion = 14.0.23107.0
MinimumVisualStudioVersion = 10.0.40219.1
Project("{FAE04EC0-301F-11D3-BF4B-00C04F79EFBC}") = "ClusterFuck", "ClusterFuck\ClusterFuck.csproj", "{EF27E22C-2187-41DC-8EAD-A7A0EFB3DD77}"
EndProject
Global
	GlobalSection(SolutionConfigurationPlatforms) = preSolution
		Debug|Any CPU = Debug|Any CPU
		Release|Any CPU = Release|Any CPU
	EndGlobalSection
	GlobalSection(ProjectConfigurationPlatforms) = postSolution
		{EF27E22C-2187-41DC-8EAD-A7A0EFB3DD77}.Debug|Any CPU.ActiveCfg = Debug|Any CPU
		{EF27E22C-2187-41DC-8EAD-A7A0EFB3DD77}.Debug|Any CPU.Build.0 = Debug|Any CPU
		{EF27E22C-2187-41DC-8EAD-A7A0EFB3DD77}.Release|Any CPU.ActiveCfg = Release|Any CPU
		{EF27E22C-2187-41DC-8EAD-A7A0EFB3DD77}.Release|Any CPU.Build.0 = Release|Any CPU
	EndGlobalSection
	GlobalSection(SolutionProperties) = preSolution
		HideSolutionNode = FALSE
	EndGlobalSection
EndGlobal
